# This file is generated by running "yarn install" inside your project.
# Manual changes might be lost - proceed with caution!

__metadata:
  version: 5
  cacheKey: 8

"@babel/helper-plugin-utils@npm:^7.14.5":
  version: 7.25.7
  resolution: "@babel/helper-plugin-utils@npm:7.25.7"
  checksum: eef4450361e597f11247d252e69207324dfe0431df9b8bcecc8bef1204358e93fa7776a659c3c4f439e9ee71cd967aeca6c4d6034ebc17a7ae48143bbb580f2f
  languageName: node
  linkType: hard

"@babel/helper-validator-identifier@npm:^7.14.9":
  version: 7.25.7
  resolution: "@babel/helper-validator-identifier@npm:7.25.7"
  checksum: 062f55208deead4876eb474dc6fd55155c9eada8d0a505434de3b9aa06c34195562e0f3142b22a08793a38d740238efa2fe00ff42956cdcb8ac03f0b6c542247
  languageName: node
  linkType: hard

"@babel/plugin-syntax-jsx@npm:7.14.5":
  version: 7.14.5
  resolution: "@babel/plugin-syntax-jsx@npm:7.14.5"
  dependencies:
    "@babel/helper-plugin-utils": ^7.14.5
  peerDependencies:
    "@babel/core": ^7.0.0-0
  checksum: 3a2ba87534b0f9ee70eba0754d2ae544825c25afd98efb8e42b41399e02de4cc5b1f70fc5ce444fb7a7e5b09972c289eed2f00917be5b88d67407f4cbde8e960
  languageName: node
  linkType: hard

"@babel/types@npm:7.15.0":
  version: 7.15.0
  resolution: "@babel/types@npm:7.15.0"
  dependencies:
    "@babel/helper-validator-identifier": ^7.14.9
    to-fast-properties: ^2.0.0
  checksum: 6d6bcdfce94b5446520a24087c6dede453e28425af092965b304d4028e9bca79712fd691cdad031e3570c7667bf3206e5f642bcccbfccb33d42ca4a8203587f9
  languageName: node
  linkType: hard

"@next/env@npm:12.0.8":
  version: 12.0.8
  resolution: "@next/env@npm:12.0.8"
  checksum: 2ef94e2a248ea39d770f3a7aaae629bdeb46c8e694a01353888c146459d2cffb81394240071faca13cf6c155a404e5110517bb5aa654dcfda3d77b907db33bcf
  languageName: node
  linkType: hard

"@next/react-refresh-utils@npm:12.0.8":
  version: 12.0.8
  resolution: "@next/react-refresh-utils@npm:12.0.8"
  peerDependencies:
    react-refresh: 0.8.3
    webpack: ^4 || ^5
  peerDependenciesMeta:
    webpack:
      optional: true
  checksum: 11232c954026c0cc03bad2cd556f89e0bb99e9a4ad67e1058f3107da829c33f2540865a29dbc99412246701de1e3f3b39d5d715490c1b4c4632d5a5aaf61ac84
  languageName: node
  linkType: hard

"@next/swc-android-arm64@npm:12.0.8":
  version: 12.0.8
  resolution: "@next/swc-android-arm64@npm:12.0.8"
  conditions: os=android & cpu=arm64
  languageName: node
  linkType: hard

"@next/swc-darwin-arm64@npm:12.0.8":
  version: 12.0.8
  resolution: "@next/swc-darwin-arm64@npm:12.0.8"
  conditions: os=darwin & cpu=arm64
  languageName: node
  linkType: hard

"@next/swc-darwin-x64@npm:12.0.8":
  version: 12.0.8
  resolution: "@next/swc-darwin-x64@npm:12.0.8"
  conditions: os=darwin & cpu=x64
  languageName: node
  linkType: hard

"@next/swc-linux-arm-gnueabihf@npm:12.0.8":
  version: 12.0.8
  resolution: "@next/swc-linux-arm-gnueabihf@npm:12.0.8"
  conditions: os=linux & cpu=arm
  languageName: node
  linkType: hard

"@next/swc-linux-arm64-gnu@npm:12.0.8":
  version: 12.0.8
  resolution: "@next/swc-linux-arm64-gnu@npm:12.0.8"
  conditions: os=linux & cpu=arm64
  languageName: node
  linkType: hard

"@next/swc-linux-arm64-musl@npm:12.0.8":
  version: 12.0.8
  resolution: "@next/swc-linux-arm64-musl@npm:12.0.8"
  conditions: os=linux & cpu=arm64
  languageName: node
  linkType: hard

"@next/swc-linux-x64-gnu@npm:12.0.8":
  version: 12.0.8
  resolution: "@next/swc-linux-x64-gnu@npm:12.0.8"
  conditions: os=linux & cpu=x64
  languageName: node
  linkType: hard

"@next/swc-linux-x64-musl@npm:12.0.8":
  version: 12.0.8
  resolution: "@next/swc-linux-x64-musl@npm:12.0.8"
  conditions: os=linux & cpu=x64
  languageName: node
  linkType: hard

"@next/swc-win32-arm64-msvc@npm:12.0.8":
  version: 12.0.8
  resolution: "@next/swc-win32-arm64-msvc@npm:12.0.8"
  conditions: os=win32 & cpu=arm64
  languageName: node
  linkType: hard

"@next/swc-win32-ia32-msvc@npm:12.0.8":
  version: 12.0.8
  resolution: "@next/swc-win32-ia32-msvc@npm:12.0.8"
  conditions: os=win32 & cpu=ia32
  languageName: node
  linkType: hard

"@next/swc-win32-x64-msvc@npm:12.0.8":
  version: 12.0.8
  resolution: "@next/swc-win32-x64-msvc@npm:12.0.8"
  conditions: os=win32 & cpu=x64
  languageName: node
  linkType: hard

"@types/node@npm:*":
  version: 22.7.5
  resolution: "@types/node@npm:22.7.5"
  dependencies:
    undici-types: ~6.19.2
  checksum: 1a8bbb504efaffcef7b8491074a428e5c0b5425b0c0ffb13e7262cb8462c275e8cc5eaf90a38d8fbf52a1eeda7c01ab3b940673c43fc2414140779c973e40ec6
  languageName: node
  linkType: hard

"big.js@npm:^5.2.2":
  version: 5.2.2
  resolution: "big.js@npm:5.2.2"
  checksum: 7/ea33d7d25674df4253ae3667da7f48ade6cc8828cb4f2c3a7753f53975f10cebae57e0d1ecf84f1b920b5467262dc0d4f357e5e497b138472d0e64992a8402a4
  languageName: node
  linkType: hard

"caniuse-lite@npm:^1.0.30001283":
  version: 1.0.30001668
  resolution: "caniuse-lite@npm:1.0.30001668"
  checksum: ce6996901b5883454a8ddb3040f82342277b6a6275876dfefcdecb11f7e472e29877f34cae47c2b674f08f2e71971dd4a2acb9bc01adfe8421b7148a7e9e8297
  languageName: node
  linkType: hard

"colorette@npm:^1.2.2":
  version: 1.4.0
  resolution: "colorette@npm:1.4.0"
  checksum: 01c3c16058b182a4ab4c126a65a75faa4d38a20fa7c845090b25453acec6c371bb2c5dceb0a2338511f17902b9d1a9af0cadd8509c9403894b79311032c256c3
  languageName: node
  linkType: hard

"convert-source-map@npm:1.7.0":
  version: 1.7.0
  resolution: "convert-source-map@npm:1.7.0"
  dependencies:
    safe-buffer: ~5.1.1
  checksum: 7/b10fbf041e3221c65e1ab67f05c8fcbad9c5fd078c62f4a6e05cb5fddc4b5a0e8a17c6a361c6a44f011b1a0c090b36aa88543be9dfa65da8c9e7f39c5de2d4df
  languageName: node
  linkType: hard

"emojis-list@npm:^2.0.0":
  version: 2.1.0
  resolution: "emojis-list@npm:2.1.0"
  checksum: 7/09220b636cb03b16c234b6412391c9d8ce6fab4213659fd88d98a83e1b8fce8c60352f4dfc395a2f14159f1ed348a150c26123aee8afccb15b9747e26ed7b6ec
  languageName: node
  linkType: hard

"has-flag@npm:^4.0.0":
  version: 4.0.0
  resolution: "has-flag@npm:4.0.0"
  checksum: 7/2e5391139d3d287231ccb58659702392f6e3abeac3296fb4721afaff46493f3d9b99a9329ae015dfe973aa206ed5c75f43e86aec0267dce79aa5c2b6e811b3ad
  languageName: node
  linkType: hard

"inherits@npm:^2.0.3, inherits@npm:~2.0.4":
  version: 2.0.4
  resolution: "inherits@npm:2.0.4"
  checksum: 7/98426da247ddfc3dcd7d7daedd90c3ca32d5b08deca08949726f12d49232aef94772a07b36cf4ff833e105ae2ef931777f6de4a6dd8245a216b9299ad4a50bea
  languageName: node
  linkType: hard

"jest-worker@npm:27.0.0-next.5":
  version: 27.0.0-next.5
  resolution: "jest-worker@npm:27.0.0-next.5"
  dependencies:
    "@types/node": "*"
    merge-stream: ^2.0.0
    supports-color: ^8.0.0
  checksum: d56bfe67cdb32472d5ffe120bf4956a158155f8d7083c2ef258dc6b498a77d80cbee9aa029bbfb7e72f49e2de0c0dfbf5f76b48d39573f7d020578739ac5ea0d
  languageName: node
  linkType: hard

"js-tokens@npm:^3.0.0 || ^4.0.0":
  version: 4.0.0
  resolution: "js-tokens@npm:4.0.0"
  checksum: 7/1fc4e4667ac2d972aba65148b9cbf9c17566b2394d3504238d8492bbd3e68f496c657eab06b26b40b17db5cac0a34d153a12130e2d2d2bb6dc2cdc8a4764eb1b
  languageName: node
  linkType: hard

"json5@npm:^1.0.1":
  version: 1.0.1
  resolution: "json5@npm:1.0.1"
  dependencies:
    minimist: ^1.2.0
  bin:
    json5: lib/cli.js
  checksum: 7/df41624f9f40bfacc546f779eef6d161a3312fbb6ec1dbd69f8c4388e9807af653b753371ab19b6d2bab22af2ca7dde62fe03c791596acf76915e1fc4ee6fd88
  languageName: node
  linkType: hard

"loader-utils@npm:1.2.3":
  version: 1.2.3
  resolution: "loader-utils@npm:1.2.3"
  dependencies:
    big.js: ^5.2.2
    emojis-list: ^2.0.0
    json5: ^1.0.1
  checksum: 7/61b44f2d301c063f4937de087bffa1289ec65a88d7bccb1527baf1f63f1278761e18eb230b86f40fbea20776ed5aadcbb1ab468088ccde86858d2a4f77db1467
  languageName: node
  linkType: hard

"loose-envify@npm:^1.1.0":
  version: 1.4.0
  resolution: "loose-envify@npm:1.4.0"
  dependencies:
    js-tokens: ^3.0.0 || ^4.0.0
  bin:
    loose-envify: cli.js
  checksum: 7/5c3b47bbe5f597a3889fb001a3a98aaea2a3fafa48089c19034de1e0121bf57dbee609d184478514d74d5c5a7e9cfa3d846343455e5123b060040d46c39e91dc
  languageName: node
  linkType: hard

"merge-stream@npm:^2.0.0":
  version: 2.0.0
  resolution: "merge-stream@npm:2.0.0"
  checksum: 7/cde834809a0e65485e474de3162af9853ab2a07977fd36d328947b7b3e6207df719ffb115b11085ecc570501e15a2aa8bacd772ac53f77873f53b0626e52a39a
  languageName: node
  linkType: hard

"minimist@npm:^1.2.0":
  version: 1.2.5
  resolution: "minimist@npm:1.2.5"
  checksum: 7/b77b8590147a4e217ff34266236bc39de23b52e6e33054076991ff674c7397a1380a7bde11111916f16f003a94aaa7e4f3d92595a32189644ff607fabc65a5b6
  languageName: node
  linkType: hard

"nanoid@npm:^3.1.23":
  version: 3.3.7
  resolution: "nanoid@npm:3.3.7"
  bin:
    nanoid: bin/nanoid.cjs
  checksum: d36c427e530713e4ac6567d488b489a36582ef89da1d6d4e3b87eded11eb10d7042a877958c6f104929809b2ab0bafa17652b076cdf84324aa75b30b722204f2
  languageName: node
  linkType: hard

"next@npm:12.0.8":
  version: 12.0.8
  resolution: "next@npm:12.0.8"
  dependencies:
    "@next/env": 12.0.8
    "@next/react-refresh-utils": 12.0.8
    "@next/swc-android-arm64": 12.0.8
    "@next/swc-darwin-arm64": 12.0.8
    "@next/swc-darwin-x64": 12.0.8
    "@next/swc-linux-arm-gnueabihf": 12.0.8
    "@next/swc-linux-arm64-gnu": 12.0.8
    "@next/swc-linux-arm64-musl": 12.0.8
    "@next/swc-linux-x64-gnu": 12.0.8
    "@next/swc-linux-x64-musl": 12.0.8
    "@next/swc-win32-arm64-msvc": 12.0.8
    "@next/swc-win32-ia32-msvc": 12.0.8
    "@next/swc-win32-x64-msvc": 12.0.8
    caniuse-lite: ^1.0.30001283
    jest-worker: 27.0.0-next.5
    node-fetch: 2.6.1
    postcss: 8.2.15
    react-is: 17.0.2
    react-refresh: 0.8.3
    stream-browserify: 3.0.0
    styled-jsx: 5.0.0-beta.6
    use-subscription: 1.5.1
  peerDependencies:
    fibers: ">= 3.1.0"
    node-sass: ^4.0.0 || ^5.0.0 || ^6.0.0
    react: ^17.0.2 || ^18.0.0-0
    react-dom: ^17.0.2 || ^18.0.0-0
    sass: ^1.3.0
  dependenciesMeta:
    "@next/swc-android-arm64":
      optional: true
    "@next/swc-darwin-arm64":
      optional: true
    "@next/swc-darwin-x64":
      optional: true
    "@next/swc-linux-arm-gnueabihf":
      optional: true
    "@next/swc-linux-arm64-gnu":
      optional: true
    "@next/swc-linux-arm64-musl":
      optional: true
    "@next/swc-linux-x64-gnu":
      optional: true
    "@next/swc-linux-x64-musl":
      optional: true
    "@next/swc-win32-arm64-msvc":
      optional: true
    "@next/swc-win32-ia32-msvc":
      optional: true
    "@next/swc-win32-x64-msvc":
      optional: true
  peerDependenciesMeta:
    fibers:
      optional: true
    node-sass:
      optional: true
    sass:
      optional: true
  bin:
    next: dist/bin/next
  checksum: 947f0295aad98eba7593e022bbea72adea32a170feba6f5e7370886356d2944ac1f1260836a17d190717ac2fdf2ad0f45264262016b7e19a95a144216f2309c5
  languageName: node
  linkType: hard

"node-fetch@npm:2.6.1":
  version: 2.6.1
  resolution: "node-fetch@npm:2.6.1"
  checksum: 7/cbb171635e538162b977eac5dfe7a1e07a9a02e991924377a6435502291e2f823d306b95aabc455caebf4a118ccf836868462bc70ccc3095af02bb9da61fda37
  languageName: node
  linkType: hard

"object-assign@npm:^4.1.1":
  version: 4.1.1
  resolution: "object-assign@npm:4.1.1"
  checksum: 7/66cf021898fc1b13ea573ea8635fbd5a76533f50cecbc2fcd5eee1e8029af41bcebe7023788b6d0e06cbe4401ecea075d972f78ec74467cdc571a0f1a4d1a081
  languageName: node
  linkType: hard

"postcss@npm:8.2.15":
  version: 8.2.15
  resolution: "postcss@npm:8.2.15"
  dependencies:
    colorette: ^1.2.2
    nanoid: ^3.1.23
    source-map: ^0.6.1
  checksum: 07c309e5318843cdbb240b19101c8c679e19cb88544811de921dd9125118d6c0603afe925da7f2ac928dd7d4c0c6380ccdedf032400af5013210a3f145baca5d
  languageName: node
  linkType: hard

"react-dom@npm:latest":
  version: 18.3.1
  resolution: "react-dom@npm:18.3.1"
  dependencies:
    loose-envify: ^1.1.0
    scheduler: ^0.23.2
  peerDependencies:
    react: ^18.3.1
  checksum: 298954ecd8f78288dcaece05e88b570014d8f6dce5db6f66e6ee91448debeb59dcd31561dddb354eee47e6c1bb234669459060deb238ed0213497146e555a0b9
  languageName: node
  linkType: hard

"react-is@npm:17.0.2":
  version: 17.0.2
  resolution: "react-is@npm:17.0.2"
  checksum: 9d6d111d8990dc98bc5402c1266a808b0459b5d54830bbea24c12d908b536df7883f268a7868cfaedde3dd9d4e0d574db456f84d2e6df9c4526f99bb4b5344d8
  languageName: node
  linkType: hard

"react-refresh@npm:0.8.3":
  version: 0.8.3
  resolution: "react-refresh@npm:0.8.3"
  checksum: 7/38f06df8e0a20701b96e5d680838a3528d66cfb53db79843d30cb9517df3262ec596607147439975267bf0634bee77101db37298ea79b5742cc28664632f3c76
  languageName: node
  linkType: hard

"react@npm:latest":
  version: 18.3.1
  resolution: "react@npm:18.3.1"
  dependencies:
    loose-envify: ^1.1.0
  checksum: a27bcfa8ff7c15a1e50244ad0d0c1cb2ad4375eeffefd266a64889beea6f6b64c4966c9b37d14ee32d6c9fcd5aa6ba183b6988167ab4d127d13e7cb5b386a376
  languageName: node
  linkType: hard

"readable-stream@npm:^3.5.0":
  version: 3.6.0
  resolution: "readable-stream@npm:3.6.0"
  dependencies:
    inherits: ^2.0.3
    string_decoder: ^1.1.1
    util-deprecate: ^1.0.1
  checksum: 7/f178b1daa80d9e58ebba71dbb08486430aa6f0dea3a22a1b7401f3f6983077d0bc0edea43099db06b8d006c9ad48d6383e8fb72c05d5b187670aeaf1b9b44f00
  languageName: node
  linkType: hard

"root-workspace-0b6124@workspace:.":
  version: 0.0.0-use.local
  resolution: "root-workspace-0b6124@workspace:."
  dependencies:
    next: 12.0.8
    react: latest
    react-dom: latest
  languageName: unknown
  linkType: soft

"safe-buffer@npm:~5.1.1":
  version: 5.1.2
  resolution: "safe-buffer@npm:5.1.2"
  checksum: 7/2708587c1b5e70a5e420714ceb59f30f5791c6e831d39812125a008eca63a4ac18578abd020a0776ea497ff03b4543f2b2a223a7b9073bf2d6c7af9ec6829218
  languageName: node
  linkType: hard

"safe-buffer@npm:~5.2.0":
  version: 5.2.1
  resolution: "safe-buffer@npm:5.2.1"
  checksum: 7/0bb57f0d8f9d1fa4fe35ad8a2db1f83a027d48f2822d59ede88fd5cd4ddad83c0b497213feb7a70fbf90597a70c5217f735b0eb1850df40ce9b4ae81dd22b3f9
  languageName: node
  linkType: hard

"scheduler@npm:^0.23.2":
  version: 0.23.2
  resolution: "scheduler@npm:0.23.2"
  dependencies:
    loose-envify: ^1.1.0
  checksum: 3e82d1f419e240ef6219d794ff29c7ee415fbdc19e038f680a10c067108e06284f1847450a210b29bbaf97b9d8a97ced5f624c31c681248ac84c80d56ad5a2c4
  languageName: node
  linkType: hard

"source-map@npm:0.7.3":
  version: 0.7.3
  resolution: "source-map@npm:0.7.3"
  checksum: 7/351ce26ffa1ebf203660c0d70d7566c81e65d2d994d1c2d94da140808e02da34961673ce12ecea9b40797b96fbeb8c70bf71a4ad9f779f1a4fdbba75530bb386
  languageName: node
  linkType: hard

"source-map@npm:^0.6.1":
  version: 0.6.1
  resolution: "source-map@npm:0.6.1"
  checksum: 7/8647829a0611724114022be455ca1c8a2c8ae61df81c5b3667d9b398207226a1e21174fb7bbf0b4dbeb27ac358222afb5a14f1c74a62a62b8883b012e5eb1270
  languageName: node
  linkType: hard

"stream-browserify@npm:3.0.0":
  version: 3.0.0
  resolution: "stream-browserify@npm:3.0.0"
  dependencies:
    inherits: ~2.0.4
    readable-stream: ^3.5.0
  checksum: 7/55fb0c30082a87f7e42f1c093ad7aee42c942864edf11ac911e6e89d5be9877ba32fd20569f6bfb489dabd71b63d3264bec349463294abc270fba42bedd6ca22
  languageName: node
  linkType: hard

"string-hash@npm:1.1.3":
  version: 1.1.3
  resolution: "string-hash@npm:1.1.3"
  checksum: 7/178d855be2999a4ae2070d578e872574370224d86ca5d7b45bd709562a9acca61ac165a866c0b8b39e1cf2c181d781b96735725b7036e10b94196b261eb8229e
  languageName: node
  linkType: hard

"string_decoder@npm:^1.1.1":
  version: 1.3.0
  resolution: "string_decoder@npm:1.3.0"
  dependencies:
    safe-buffer: ~5.2.0
  checksum: 7/0a09afb610cb538707fcf0a50a080f159040529eabdba82f23b04f1d1f90adf9ba18cc3800231c6ab2ee55dece047f4bed87c56da52b2afd85c3c7fb73eb7e48
  languageName: node
  linkType: hard

"styled-jsx@npm:5.0.0-beta.6":
  version: 5.0.0-beta.6
  resolution: "styled-jsx@npm:5.0.0-beta.6"
  dependencies:
    "@babel/plugin-syntax-jsx": 7.14.5
    "@babel/types": 7.15.0
    convert-source-map: 1.7.0
    loader-utils: 1.2.3
    source-map: 0.7.3
    string-hash: 1.1.3
    stylis: 3.5.4
    stylis-rule-sheet: 0.0.10
  peerDependencies:
    react: ">= 16.8.0 || 17.x.x || 18.x.x"
  peerDependenciesMeta:
    "@babel/core":
      optional: true
  checksum: 94c44e8e4d475f8d99459d8c5c619ff1d21d84058e3cda0226fdc02f407ba07d83e37f0a9e236eb34564376128325f2bfcbc1bcfe0de623bd8db4eb9774a0fc3
  languageName: node
  linkType: hard

"stylis-rule-sheet@npm:0.0.10":
  version: 0.0.10
  resolution: "stylis-rule-sheet@npm:0.0.10"
  peerDependencies:
    stylis: ^3.5.0
  checksum: 7/89c5e8a72bf0dab4882464bd1e23db100956217d2851b6ff2c7a9d72274df68072528c82f5d7cda92d91aa455095d8adc2b97ff0f88b3a707fcbcdc485df970c
  languageName: node
  linkType: hard

"stylis@npm:3.5.4":
  version: 3.5.4
  resolution: "stylis@npm:3.5.4"
  checksum: 7/356e2352b1800595c46f3969c6afdce82ab3e5d668bbb6733e68a4968fa2190208cccd74129b7456e80ade3d321beeaff7c2c69ab90288127221062f90dcff99
  languageName: node
  linkType: hard

"supports-color@npm:^8.0.0":
  version: 8.1.1
  resolution: "supports-color@npm:8.1.1"
  dependencies:
    has-flag: ^4.0.0
  checksum: c052193a7e43c6cdc741eb7f378df605636e01ad434badf7324f17fb60c69a880d8d8fcdcb562cf94c2350e57b937d7425ab5b8326c67c2adc48f7c87c1db406
  languageName: node
  linkType: hard

"to-fast-properties@npm:^2.0.0":
  version: 2.0.0
  resolution: "to-fast-properties@npm:2.0.0"
  checksum: 7/40e61984243b183d575a2f3a87d008bd57102115701ee9037fd673e34becf12ee90262631857410169ca82f401a662ed94482235cea8f3b8dea48b87eaabc467
  languageName: node
  linkType: hard

"undici-types@npm:~6.19.2":
  version: 6.19.8
  resolution: "undici-types@npm:6.19.8"
  checksum: de51f1b447d22571cf155dfe14ff6d12c5bdaec237c765085b439c38ca8518fc360e88c70f99469162bf2e14188a7b0bcb06e1ed2dc031042b984b0bb9544017
  languageName: node
  linkType: hard

"use-subscription@npm:1.5.1":
  version: 1.5.1
  resolution: "use-subscription@npm:1.5.1"
  dependencies:
    object-assign: ^4.1.1
  peerDependencies:
    react: ^16.8.0 || ^17.0.0
  checksum: 7/3abcef55244fc12ba02f8a2a35e1d53984f9bc40d205713245b61defc1d84015b310d6d684d0fe3555c6b4a892aecc585e7c90bad4031d543bc77fe31284ee71
  languageName: node
  linkType: hard

"util-deprecate@npm:^1.0.1":
  version: 1.0.2
  resolution: "util-deprecate@npm:1.0.2"
  checksum: 7/73c2b1cf0210ccac300645384d8443cabbd93194117b2dc1b3bae8d8279ad39aedac857e020c4ea505e96a1045059c7359db3df6a9df0be6b8584166c9d61dc9
  languageName: node
  linkType: hard
